<?xml version="1.0" encoding="utf-8"?>
<Project ToolsVersion="4.0" xmlns="http://schemas.microsoft.com/developer/msbuild/2003">
  <ItemGroup>
    <Filter Include="Source Files">
      <UniqueIdentifier>{4FC737F1-C7A5-4376-A066-2A32D752A2FF}</UniqueIdentifier>
      <Extensions>cpp;c;cc;cxx;def;odl;idl;hpj;bat;asm;asmx</Extensions>
    </Filter>
    <Filter Include="Header Files">
      <UniqueIdentifier>{93995380-89BD-4b04-88EB-625FBE52EBFB}</UniqueIdentifier>
      <Extensions>h;hpp;hxx;hm;inl;inc;xsd</Extensions>
    </Filter>
    <Filter Include="Resource Files">
      <UniqueIdentifier>{67DA6AB6-F800-4c08-8B7A-83BB121AAD01}</UniqueIdentifier>
      <Extensions>rc;ico;cur;bmp;dlg;rc2;rct;bin;rgs;gif;jpg;jpeg;jpe;resx;tiff;tif;png;wav;mfcribbon-ms</Extensions>
    </Filter>
    <Filter Include="Header Files\Model">
      <UniqueIdentifier>{0fd561d1-f2c1-4b7a-b124-579fe8a0b2fc}</UniqueIdentifier>
    </Filter>
    <Filter Include="Source Files\Model">
      <UniqueIdentifier>{68bb2ff8-8870-41d8-ba0c-01a5e10fdfc2}</UniqueIdentifier>
    </Filter>
    <Filter Include="Header Files\View">
      <UniqueIdentifier>{e0b34f47-89e3-4e34-a3e7-dfdb4b5c9d16}</UniqueIdentifier>
    </Filter>
    <Filter Include="Source Files\View">
      <UniqueIdentifier>{73ee3a72-884d-48e0-b452-fe9841d51d2e}</UniqueIdentifier>
    </Filter>
    <Filter Include="Header Files\Controller / Game Objects">
      <UniqueIdentifier>{d85df51f-e57b-4e65-ac68-80da1ecee716}</UniqueIdentifier>
    </Filter>
    <Filter Include="Source Files\Controller / Game Objects">
      <UniqueIdentifier>{e6a2a304-37ed-4a18-a8ec-7b6f5967360b}</UniqueIdentifier>
    </Filter>
    <Filter Include="Header Files\Common">
      <UniqueIdentifier>{9debdaf5-cae8-46ec-ae56-d1a4f9eb14d4}</UniqueIdentifier>
    </Filter>
    <Filter Include="Source Files\Common">
      <UniqueIdentifier>{6b577fd5-e915-4d26-8d70-5ebfeace6944}</UniqueIdentifier>
    </Filter>
  </ItemGroup>
  <ItemGroup>
    <ClInclude Include="BoardModel.h">
      <Filter>Header Files\Model</Filter>
    </ClInclude>
    <ClInclude Include="TileSequence.h">
      <Filter>Header Files\Model</Filter>
    </ClInclude>
    <ClInclude Include="TileView.h">
      <Filter>Header Files\View</Filter>
    </ClInclude>
    <ClInclude Include="BoardView.h">
      <Filter>Header Files\View</Filter>
    </ClInclude>
    <ClInclude Include="Drawable.h">
      <Filter>Header Files\View</Filter>
    </ClInclude>
    <ClInclude Include="SelectedTileView.h">
      <Filter>Header Files\View</Filter>
    </ClInclude>
    <ClInclude Include="TileViewFactory.h">
      <Filter>Header Files\View</Filter>
    </ClInclude>
    <ClInclude Include="Timer.h">
      <Filter>Header Files\Controller / Game Objects</Filter>
    </ClInclude>
    <ClInclude Include="GameObject.h">
      <Filter>Header Files\Controller / Game Objects</Filter>
    </ClInclude>
    <ClInclude Include="GameBoard.h">
      <Filter>Header Files\Controller / Game Objects</Filter>
    </ClInclude>
    <ClInclude Include="ResourceManager.h">
      <Filter>Header Files\Controller / Game Objects</Filter>
    </ClInclude>
    <ClInclude Include="Grid.h">
      <Filter>Header Files\Model</Filter>
    </ClInclude>
    <ClInclude Include="SurfaceProxy.h">
      <Filter>Header Files\Common</Filter>
    </ClInclude>
    <ClInclude Include="GameException.h">
      <Filter>Header Files\Common</Filter>
    </ClInclude>
    <ClInclude Include="Engine.h">
      <Filter>Header Files\Controller / Game Objects</Filter>
    </ClInclude>
    <ClInclude Include="GameScene.h">
      <Filter>Header Files\Controller / Game Objects</Filter>
    </ClInclude>
    <ClInclude Include="GameButton.h">
      <Filter>Header Files\Controller / Game Objects</Filter>
    </ClInclude>
  </ItemGroup>
  <ItemGroup>
    <ClCompile Include="main.cpp">
      <Filter>Source Files</Filter>
    </ClCompile>
    <ClCompile Include="BoardModel.cpp">
      <Filter>Source Files\Model</Filter>
    </ClCompile>
    <ClCompile Include="TileSequence.cpp">
      <Filter>Source Files\Model</Filter>
    </ClCompile>
    <ClCompile Include="TileView.cpp">
      <Filter>Source Files\View</Filter>
    </ClCompile>
    <ClCompile Include="BoardView.cpp">
      <Filter>Source Files\View</Filter>
    </ClCompile>
    <ClCompile Include="SelectedTileView.cpp">
      <Filter>Source Files\View</Filter>
    </ClCompile>
    <ClCompile Include="TileViewFactory.cpp">
      <Filter>Source Files\View</Filter>
    </ClCompile>
    <ClCompile Include="Timer.cpp">
      <Filter>Source Files\Controller / Game Objects</Filter>
    </ClCompile>
    <ClCompile Include="GameObject.cpp">
      <Filter>Source Files\Controller / Game Objects</Filter>
    </ClCompile>
    <ClCompile Include="GameBoard.cpp">
      <Filter>Source Files\Controller / Game Objects</Filter>
    </ClCompile>
    <ClCompile Include="ResourceManager.cpp">
      <Filter>Source Files\Controller / Game Objects</Filter>
    </ClCompile>
    <ClCompile Include="Grid.inl">
      <Filter>Source Files\Model</Filter>
    </ClCompile>
    <ClCompile Include="GameException.cpp">
      <Filter>Source Files\Common</Filter>
    </ClCompile>
    <ClCompile Include="SurfaceProxy.cpp">
      <Filter>Source Files\Common</Filter>
    </ClCompile>
    <ClCompile Include="Engine.cpp">
      <Filter>Source Files\Controller / Game Objects</Filter>
    </ClCompile>
    <ClCompile Include="GameScene.cpp">
      <Filter>Source Files\Controller / Game Objects</Filter>
    </ClCompile>
    <ClCompile Include="GameButton.cpp">
      <Filter>Source Files\Controller / Game Objects</Filter>
    </ClCompile>
  </ItemGroup>
  <ItemGroup>
    <Image Include="resources\BackGround.jpg">
      <Filter>Resource Files</Filter>
    </Image>
    <Image Include="resources\Blue.png">
      <Filter>Resource Files</Filter>
    </Image>
    <Image Include="resources\Green.png">
      <Filter>Resource Files</Filter>
    </Image>
    <Image Include="resources\Purple.png">
      <Filter>Resource Files</Filter>
    </Image>
    <Image Include="resources\Red.png">
      <Filter>Resource Files</Filter>
    </Image>
    <Image Include="resources\Yellow.png">
      <Filter>Resource Files</Filter>
    </Image>
  </ItemGroup>
</Project>