<?xml version="1.0" encoding="utf-8"?>
<Project ToolsVersion="4.0" xmlns="http://schemas.microsoft.com/developer/msbuild/2003">
  <ItemGroup>
    <ClCompile Include="main.cpp" />
    <ClCompile Include="GameException.cpp">
      <Filter>Source Files\Common</Filter>
    </ClCompile>
    <ClCompile Include="SurfaceProxy.cpp">
      <Filter>Source Files\Common</Filter>
    </ClCompile>
    <ClCompile Include="Engine.cpp">
      <Filter>Source Files\Controller / Game Objects</Filter>
    </ClCompile>
    <ClCompile Include="GameButton.cpp">
      <Filter>Source Files\Controller / Game Objects</Filter>
    </ClCompile>
    <ClCompile Include="GameBoard.cpp">
      <Filter>Source Files\Controller / Game Objects</Filter>
    </ClCompile>
    <ClCompile Include="GameObject.cpp">
      <Filter>Source Files\Controller / Game Objects</Filter>
    </ClCompile>
    <ClCompile Include="GameScene.cpp">
      <Filter>Source Files\Controller / Game Objects</Filter>
    </ClCompile>
    <ClCompile Include="ResourceManager.cpp">
      <Filter>Source Files\Controller / Game Objects</Filter>
    </ClCompile>
    <ClCompile Include="Timer.cpp">
      <Filter>Source Files\Controller / Game Objects</Filter>
    </ClCompile>
    <ClCompile Include="BoardModel.cpp">
      <Filter>Source Files\Model</Filter>
    </ClCompile>
    <ClCompile Include="Grid.inl">
      <Filter>Source Files\Model</Filter>
    </ClCompile>
    <ClCompile Include="TileSequence.cpp">
      <Filter>Source Files\Model</Filter>
    </ClCompile>
    <ClCompile Include="SelectedTileView.cpp">
      <Filter>Source Files\View</Filter>
    </ClCompile>
    <ClCompile Include="TileView.cpp">
      <Filter>Source Files\View</Filter>
    </ClCompile>
    <ClCompile Include="BoardView.cpp">
      <Filter>Source Files\View</Filter>
    </ClCompile>
    <ClCompile Include="TileViewDrawer.cpp">
      <Filter>Source Files\View</Filter>
    </ClCompile>
  </ItemGroup>
  <ItemGroup>
    <ClInclude Include="GameException.h">
      <Filter>Header Files\Common</Filter>
    </ClInclude>
    <ClInclude Include="SurfaceProxy.h">
      <Filter>Header Files\Common</Filter>
    </ClInclude>
    <ClInclude Include="Engine.h">
      <Filter>Header Files\Controller / Game Objects</Filter>
    </ClInclude>
    <ClInclude Include="GameBoard.h">
      <Filter>Header Files\Controller / Game Objects</Filter>
    </ClInclude>
    <ClInclude Include="GameButton.h">
      <Filter>Header Files\Controller / Game Objects</Filter>
    </ClInclude>
    <ClInclude Include="GameObject.h">
      <Filter>Header Files\Controller / Game Objects</Filter>
    </ClInclude>
    <ClInclude Include="GameScene.h">
      <Filter>Header Files\Controller / Game Objects</Filter>
    </ClInclude>
    <ClInclude Include="ResourceManager.h">
      <Filter>Header Files\Controller / Game Objects</Filter>
    </ClInclude>
    <ClInclude Include="Timer.h">
      <Filter>Header Files\Controller / Game Objects</Filter>
    </ClInclude>
    <ClInclude Include="BoardModel.h">
      <Filter>Header Files\Model</Filter>
    </ClInclude>
    <ClInclude Include="Grid.h">
      <Filter>Header Files\Model</Filter>
    </ClInclude>
    <ClInclude Include="TileSequence.h">
      <Filter>Header Files\Model</Filter>
    </ClInclude>
    <ClInclude Include="BoardView.h">
      <Filter>Header Files\View</Filter>
    </ClInclude>
    <ClInclude Include="Drawable.h">
      <Filter>Header Files\View</Filter>
    </ClInclude>
    <ClInclude Include="SelectedTileView.h">
      <Filter>Header Files\View</Filter>
    </ClInclude>
    <ClInclude Include="TileView.h">
      <Filter>Header Files\View</Filter>
    </ClInclude>
    <ClInclude Include="Point.h">
      <Filter>Header Files\Common</Filter>
    </ClInclude>
    <ClInclude Include="TileViewDrawer.h">
      <Filter>Header Files\View</Filter>
    </ClInclude>
  </ItemGroup>
  <ItemGroup>
    <Image Include="resources\BackGround.jpg">
      <Filter>Resource Files</Filter>
    </Image>
    <Image Include="resources\Blue.png">
      <Filter>Resource Files</Filter>
    </Image>
    <Image Include="resources\Red.png">
      <Filter>Resource Files</Filter>
    </Image>
    <Image Include="resources\Purple.png">
      <Filter>Resource Files</Filter>
    </Image>
    <Image Include="resources\Green.png">
      <Filter>Resource Files</Filter>
    </Image>
    <Image Include="resources\Yellow.png">
      <Filter>Resource Files</Filter>
    </Image>
  </ItemGroup>
  <ItemGroup>
    <Filter Include="Header Files">
      <UniqueIdentifier>{5c4a48ee-d7b9-4f73-9097-2a1335352ad5}</UniqueIdentifier>
    </Filter>
    <Filter Include="Resource Files">
      <UniqueIdentifier>{5ae13d70-247a-4823-b1f1-4246cf7400fb}</UniqueIdentifier>
    </Filter>
    <Filter Include="Source Files">
      <UniqueIdentifier>{04e10df2-f8af-4401-9be0-b71008fc9d43}</UniqueIdentifier>
    </Filter>
    <Filter Include="Source Files\Common">
      <UniqueIdentifier>{19842d74-b45c-4458-9f51-a9906680094e}</UniqueIdentifier>
    </Filter>
    <Filter Include="Source Files\Controller / Game Objects">
      <UniqueIdentifier>{a081c015-a30c-4acb-9250-b3fda4ce5b2e}</UniqueIdentifier>
    </Filter>
    <Filter Include="Source Files\Model">
      <UniqueIdentifier>{34b05b5b-76a0-407f-8660-5e7138b573de}</UniqueIdentifier>
    </Filter>
    <Filter Include="Source Files\View">
      <UniqueIdentifier>{876a4689-30e4-41f9-b11a-5a7a70a0bac3}</UniqueIdentifier>
    </Filter>
    <Filter Include="Header Files\Common">
      <UniqueIdentifier>{d1dc66e5-1235-4d74-ab77-39c25dfe9e11}</UniqueIdentifier>
    </Filter>
    <Filter Include="Header Files\Controller / Game Objects">
      <UniqueIdentifier>{7368e8f1-d2b5-4fc8-b9df-b9bbe3222603}</UniqueIdentifier>
    </Filter>
    <Filter Include="Header Files\Model">
      <UniqueIdentifier>{ce5843ef-bf26-4d7e-8031-611b6d7fbce7}</UniqueIdentifier>
    </Filter>
    <Filter Include="Header Files\View">
      <UniqueIdentifier>{03dc3436-964d-4518-a99f-c7c89f180d69}</UniqueIdentifier>
    </Filter>
  </ItemGroup>
</Project>